
Microsoft Visual Studio Solution File, Format Version 12.00
# Visual Studio 15
VisualStudioVersion = 15.0.28307.852
MinimumVisualStudioVersion = 10.0.40219.1
Project("{FAE04EC0-301F-11D3-BF4B-00C04F79EFBC}") = "LarkADDIN", "LarkADDIN\LarkADDIN.csproj", "{B11C5BD2-6F94-4895-A37D-E6741456B878}"
EndProject
Global
	GlobalSection(SolutionConfigurationPlatforms) = preSolution
		Debug|Any CPU = Debug|Any CPU
		Release|Any CPU = Release|Any CPU
	EndGlobalSection
	GlobalSection(ProjectConfigurationPlatforms) = postSolution
		{B11C5BD2-6F94-4895-A37D-E6741456B878}.Debug|Any CPU.ActiveCfg = Debug|Any CPU
		{B11C5BD2-6F94-4895-A37D-E6741456B878}.Debug|Any CPU.Build.0 = Debug|Any CPU
		{B11C5BD2-6F94-4895-A37D-E6741456B878}.Release|Any CPU.ActiveCfg = Release|Any CPU
		{B11C5BD2-6F94-4895-A37D-E6741456B878}.Release|Any CPU.Build.0 = Release|Any CPU
	EndGlobalSection
	GlobalSection(SolutionProperties) = preSolution
		HideSolutionNode = FALSE
	EndGlobalSection
	GlobalSection(ExtensibilityGlobals) = postSolution
		SolutionGuid = {DE1A2462-2497-429F-BCAE-E2833EF74A14}
	EndGlobalSection
EndGlobal
